
Microsoft Visual Studio Solution File, Format Version 12.00
# Visual Studio Version 17
VisualStudioVersion = 17.4.33205.214
MinimumVisualStudioVersion = 10.0.40219.1
Project("{FAE04EC0-301F-11D3-BF4B-00C04F79EFBC}") = "Fibonacci", "Fibonacci\Fibonacci.csproj", "{6C46B43E-7E08-4D5A-A18E-D0DB66EE122C}"
EndProject
Global
	GlobalSection(SolutionConfigurationPlatforms) = preSolution
		Debug|Any CPU = Debug|Any CPU
		Release|Any CPU = Release|Any CPU
	EndGlobalSection
	GlobalSection(ProjectConfigurationPlatforms) = postSolution
		{6C46B43E-7E08-4D5A-A18E-D0DB66EE122C}.Debug|Any CPU.ActiveCfg = Debug|Any CPU
		{6C46B43E-7E08-4D5A-A18E-D0DB66EE122C}.Debug|Any CPU.Build.0 = Debug|Any CPU
		{6C46B43E-7E08-4D5A-A18E-D0DB66EE122C}.Release|Any CPU.ActiveCfg = Release|Any CPU
		{6C46B43E-7E08-4D5A-A18E-D0DB66EE122C}.Release|Any CPU.Build.0 = Release|Any CPU
	EndGlobalSection
	GlobalSection(SolutionProperties) = preSolution
		HideSolutionNode = FALSE
	EndGlobalSection
	GlobalSection(ExtensibilityGlobals) = postSolution
		SolutionGuid = {72EF96D2-5883-4AF8-B672-F568D9968B13}
	EndGlobalSection
EndGlobal
