
Microsoft Visual Studio Solution File, Format Version 12.00
# Visual Studio Version 17
VisualStudioVersion = 17.7.34003.232
MinimumVisualStudioVersion = 10.0.40219.1
Project("{FAE04EC0-301F-11D3-BF4B-00C04F79EFBC}") = "ImageDownloader", "ImageDownloader\ImageDownloader.csproj", "{EEE93D97-D6E3-40A4-AC05-67E2D487B20A}"
EndProject
Global
	GlobalSection(SolutionConfigurationPlatforms) = preSolution
		Debug|Any CPU = Debug|Any CPU
		Release|Any CPU = Release|Any CPU
	EndGlobalSection
	GlobalSection(ProjectConfigurationPlatforms) = postSolution
		{EEE93D97-D6E3-40A4-AC05-67E2D487B20A}.Debug|Any CPU.ActiveCfg = Debug|Any CPU
		{EEE93D97-D6E3-40A4-AC05-67E2D487B20A}.Debug|Any CPU.Build.0 = Debug|Any CPU
		{EEE93D97-D6E3-40A4-AC05-67E2D487B20A}.Release|Any CPU.ActiveCfg = Release|Any CPU
		{EEE93D97-D6E3-40A4-AC05-67E2D487B20A}.Release|Any CPU.Build.0 = Release|Any CPU
	EndGlobalSection
	GlobalSection(SolutionProperties) = preSolution
		HideSolutionNode = FALSE
	EndGlobalSection
	GlobalSection(ExtensibilityGlobals) = postSolution
		SolutionGuid = {140B0545-9FE0-4250-BBB8-2C0B890A5FA7}
	EndGlobalSection
EndGlobal
