
Microsoft Visual Studio Solution File, Format Version 12.00
# Visual Studio Version 17
VisualStudioVersion = 17.4.33205.214
MinimumVisualStudioVersion = 10.0.40219.1
Project("{9A19103F-16F7-4668-BE54-9A1E7A4F7556}") = "Planet.num.three", "Planet\Planet.num.three.csproj", "{37472B04-89C7-4F75-A76E-9FC98546E72A}"
EndProject
Project("{FAE04EC0-301F-11D3-BF4B-00C04F79EFBC}") = "Planet.num.one", "Planet.num.one\Planet.num.one.csproj", "{8F77BCDB-DB75-408D-B4D4-8982B4D8FC81}"
EndProject
Project("{FAE04EC0-301F-11D3-BF4B-00C04F79EFBC}") = "Planet.num.two", "Planet.num.two\Planet.num.two.csproj", "{92CA7393-2FE7-4708-A50A-5BEB38D4F7A2}"
EndProject
Global
	GlobalSection(SolutionConfigurationPlatforms) = preSolution
		Debug|Any CPU = Debug|Any CPU
		Release|Any CPU = Release|Any CPU
	EndGlobalSection
	GlobalSection(ProjectConfigurationPlatforms) = postSolution
		{37472B04-89C7-4F75-A76E-9FC98546E72A}.Debug|Any CPU.ActiveCfg = Debug|Any CPU
		{37472B04-89C7-4F75-A76E-9FC98546E72A}.Debug|Any CPU.Build.0 = Debug|Any CPU
		{37472B04-89C7-4F75-A76E-9FC98546E72A}.Release|Any CPU.ActiveCfg = Release|Any CPU
		{37472B04-89C7-4F75-A76E-9FC98546E72A}.Release|Any CPU.Build.0 = Release|Any CPU
		{8F77BCDB-DB75-408D-B4D4-8982B4D8FC81}.Debug|Any CPU.ActiveCfg = Debug|Any CPU
		{8F77BCDB-DB75-408D-B4D4-8982B4D8FC81}.Debug|Any CPU.Build.0 = Debug|Any CPU
		{8F77BCDB-DB75-408D-B4D4-8982B4D8FC81}.Release|Any CPU.ActiveCfg = Release|Any CPU
		{8F77BCDB-DB75-408D-B4D4-8982B4D8FC81}.Release|Any CPU.Build.0 = Release|Any CPU
		{92CA7393-2FE7-4708-A50A-5BEB38D4F7A2}.Debug|Any CPU.ActiveCfg = Debug|Any CPU
		{92CA7393-2FE7-4708-A50A-5BEB38D4F7A2}.Debug|Any CPU.Build.0 = Debug|Any CPU
		{92CA7393-2FE7-4708-A50A-5BEB38D4F7A2}.Release|Any CPU.ActiveCfg = Release|Any CPU
		{92CA7393-2FE7-4708-A50A-5BEB38D4F7A2}.Release|Any CPU.Build.0 = Release|Any CPU
	EndGlobalSection
	GlobalSection(SolutionProperties) = preSolution
		HideSolutionNode = FALSE
	EndGlobalSection
	GlobalSection(ExtensibilityGlobals) = postSolution
		SolutionGuid = {1F8FA9E4-EDA6-480B-BB85-2DBB95BB4773}
	EndGlobalSection
EndGlobal
