
Microsoft Visual Studio Solution File, Format Version 12.00
# Visual Studio Version 17
VisualStudioVersion = 17.7.34018.315
MinimumVisualStudioVersion = 10.0.40219.1
Project("{FAE04EC0-301F-11D3-BF4B-00C04F79EFBC}") = "DapperProject", "DapperProject\DapperProject.csproj", "{62ABEE64-3E95-4334-AD65-3369B057FA78}"
EndProject
Global
	GlobalSection(SolutionConfigurationPlatforms) = preSolution
		Debug|Any CPU = Debug|Any CPU
		Release|Any CPU = Release|Any CPU
	EndGlobalSection
	GlobalSection(ProjectConfigurationPlatforms) = postSolution
		{62ABEE64-3E95-4334-AD65-3369B057FA78}.Debug|Any CPU.ActiveCfg = Debug|Any CPU
		{62ABEE64-3E95-4334-AD65-3369B057FA78}.Debug|Any CPU.Build.0 = Debug|Any CPU
		{62ABEE64-3E95-4334-AD65-3369B057FA78}.Release|Any CPU.ActiveCfg = Release|Any CPU
		{62ABEE64-3E95-4334-AD65-3369B057FA78}.Release|Any CPU.Build.0 = Release|Any CPU
	EndGlobalSection
	GlobalSection(SolutionProperties) = preSolution
		HideSolutionNode = FALSE
	EndGlobalSection
	GlobalSection(ExtensibilityGlobals) = postSolution
		SolutionGuid = {8227A7A4-D65D-4F16-AF50-DC0C3BAC2F87}
	EndGlobalSection
EndGlobal
